// !$*UTF8*$!
{
	archiveVersion = 1;
	classes = {
	};
	objectVersion = 56;
	objects = {

/* Begin PBXBuildFile section */
		856DF57C299570970049F27F /* RandomUsersApp.swift in Sources */ = {isa = PBXBuildFile; fileRef = 856DF57B299570970049F27F /* RandomUsersApp.swift */; };
		856DF580299570970049F27F /* Assets.xcassets in Resources */ = {isa = PBXBuildFile; fileRef = 856DF57F299570970049F27F /* Assets.xcassets */; };
		856DF583299570970049F27F /* Preview Assets.xcassets in Resources */ = {isa = PBXBuildFile; fileRef = 856DF582299570970049F27F /* Preview Assets.xcassets */; };
		856DF58B299571020049F27F /* RandomUserAPIClient.swift in Sources */ = {isa = PBXBuildFile; fileRef = 856DF58A299571020049F27F /* RandomUserAPIClient.swift */; };
		856DF58D2995711C0049F27F /* UserResultDTO.swift in Sources */ = {isa = PBXBuildFile; fileRef = 856DF58C2995711C0049F27F /* UserResultDTO.swift */; };
		856DF591299573ED0049F27F /* UsersView.swift in Sources */ = {isa = PBXBuildFile; fileRef = 856DF590299573ED0049F27F /* UsersView.swift */; };
		856DF594299574210049F27F /* UsersViewModel.swift in Sources */ = {isa = PBXBuildFile; fileRef = 856DF593299574210049F27F /* UsersViewModel.swift */; };
		856DF597299574B50049F27F /* User.swift in Sources */ = {isa = PBXBuildFile; fileRef = 856DF596299574B50049F27F /* User.swift */; };
		856DF5992995757F0049F27F /* UsersRepository.swift in Sources */ = {isa = PBXBuildFile; fileRef = 856DF5982995757F0049F27F /* UsersRepository.swift */; };
		856DF59B2995762D0049F27F /* RandomUserAPIClientAdapter.swift in Sources */ = {isa = PBXBuildFile; fileRef = 856DF59A2995762D0049F27F /* RandomUserAPIClientAdapter.swift */; };
		858C4E3E299BC8C300C1FC14 /* BiometryDecorator.swift in Sources */ = {isa = PBXBuildFile; fileRef = 858C4E3D299BC8C300C1FC14 /* BiometryDecorator.swift */; };
		858C4E41299BCE9500C1FC14 /* LoggerDecorator.swift in Sources */ = {isa = PBXBuildFile; fileRef = 858C4E40299BCE9500C1FC14 /* LoggerDecorator.swift */; };
		858C4E46299BD3F800C1FC14 /* LocalLogger.swift in Sources */ = {isa = PBXBuildFile; fileRef = 858C4E45299BD3F800C1FC14 /* LocalLogger.swift */; };
		858C4E49299BD43100C1FC14 /* LoggerProtocol.swift in Sources */ = {isa = PBXBuildFile; fileRef = 858C4E48299BD43100C1FC14 /* LoggerProtocol.swift */; };
		858C4E4B299BD50E00C1FC14 /* AuthenticatorProtocol.swift in Sources */ = {isa = PBXBuildFile; fileRef = 858C4E4A299BD50E00C1FC14 /* AuthenticatorProtocol.swift */; };
		858C4E4E299BD53000C1FC14 /* LABiometryAuthenticator.swift in Sources */ = {isa = PBXBuildFile; fileRef = 858C4E4D299BD53000C1FC14 /* LABiometryAuthenticator.swift */; };
/* End PBXBuildFile section */

/* Begin PBXFileReference section */
		856DF578299570970049F27F /* RandomUsers.app */ = {isa = PBXFileReference; explicitFileType = wrapper.application; includeInIndex = 0; path = RandomUsers.app; sourceTree = BUILT_PRODUCTS_DIR; };
		856DF57B299570970049F27F /* RandomUsersApp.swift */ = {isa = PBXFileReference; lastKnownFileType = sourcecode.swift; path = RandomUsersApp.swift; sourceTree = "<group>"; };
		856DF57F299570970049F27F /* Assets.xcassets */ = {isa = PBXFileReference; lastKnownFileType = folder.assetcatalog; path = Assets.xcassets; sourceTree = "<group>"; };
		856DF582299570970049F27F /* Preview Assets.xcassets */ = {isa = PBXFileReference; lastKnownFileType = folder.assetcatalog; path = "Preview Assets.xcassets"; sourceTree = "<group>"; };
		856DF58A299571020049F27F /* RandomUserAPIClient.swift */ = {isa = PBXFileReference; lastKnownFileType = sourcecode.swift; path = RandomUserAPIClient.swift; sourceTree = "<group>"; };
		856DF58C2995711C0049F27F /* UserResultDTO.swift */ = {isa = PBXFileReference; lastKnownFileType = sourcecode.swift; path = UserResultDTO.swift; sourceTree = "<group>"; };
		856DF590299573ED0049F27F /* UsersView.swift */ = {isa = PBXFileReference; lastKnownFileType = sourcecode.swift; path = UsersView.swift; sourceTree = "<group>"; };
		856DF593299574210049F27F /* UsersViewModel.swift */ = {isa = PBXFileReference; lastKnownFileType = sourcecode.swift; path = UsersViewModel.swift; sourceTree = "<group>"; };
		856DF596299574B50049F27F /* User.swift */ = {isa = PBXFileReference; lastKnownFileType = sourcecode.swift; path = User.swift; sourceTree = "<group>"; };
		856DF5982995757F0049F27F /* UsersRepository.swift */ = {isa = PBXFileReference; lastKnownFileType = sourcecode.swift; path = UsersRepository.swift; sourceTree = "<group>"; };
		856DF59A2995762D0049F27F /* RandomUserAPIClientAdapter.swift */ = {isa = PBXFileReference; lastKnownFileType = sourcecode.swift; path = RandomUserAPIClientAdapter.swift; sourceTree = "<group>"; };
		858C4E3D299BC8C300C1FC14 /* BiometryDecorator.swift */ = {isa = PBXFileReference; lastKnownFileType = sourcecode.swift; path = BiometryDecorator.swift; sourceTree = "<group>"; };
		858C4E40299BCE9500C1FC14 /* LoggerDecorator.swift */ = {isa = PBXFileReference; lastKnownFileType = sourcecode.swift; path = LoggerDecorator.swift; sourceTree = "<group>"; };
		858C4E45299BD3F800C1FC14 /* LocalLogger.swift */ = {isa = PBXFileReference; lastKnownFileType = sourcecode.swift; path = LocalLogger.swift; sourceTree = "<group>"; };
		858C4E48299BD43100C1FC14 /* LoggerProtocol.swift */ = {isa = PBXFileReference; lastKnownFileType = sourcecode.swift; path = LoggerProtocol.swift; sourceTree = "<group>"; };
		858C4E4A299BD50E00C1FC14 /* AuthenticatorProtocol.swift */ = {isa = PBXFileReference; lastKnownFileType = sourcecode.swift; path = AuthenticatorProtocol.swift; sourceTree = "<group>"; };
		858C4E4D299BD53000C1FC14 /* LABiometryAuthenticator.swift */ = {isa = PBXFileReference; lastKnownFileType = sourcecode.swift; path = LABiometryAuthenticator.swift; sourceTree = "<group>"; };
/* End PBXFileReference section */

/* Begin PBXFrameworksBuildPhase section */
		856DF575299570970049F27F /* Frameworks */ = {
			isa = PBXFrameworksBuildPhase;
			buildActionMask = 2147483647;
			files = (
			);
			runOnlyForDeploymentPostprocessing = 0;
		};
/* End PBXFrameworksBuildPhase section */

/* Begin PBXGroup section */
		856DF56F299570970049F27F = {
			isa = PBXGroup;
			children = (
				856DF57A299570970049F27F /* RandomUsers */,
				856DF579299570970049F27F /* Products */,
			);
			sourceTree = "<group>";
		};
		856DF579299570970049F27F /* Products */ = {
			isa = PBXGroup;
			children = (
				856DF578299570970049F27F /* RandomUsers.app */,
			);
			name = Products;
			sourceTree = "<group>";
		};
		856DF57A299570970049F27F /* RandomUsers */ = {
			isa = PBXGroup;
			children = (
				858C4E38299BC7AD00C1FC14 /* CompositionRoot */,
				856DF5952995743D0049F27F /* Domain */,
				856DF58E299573DF0049F27F /* Presentation */,
				856DF589299570F00049F27F /* Infra */,
				856DF57B299570970049F27F /* RandomUsersApp.swift */,
				856DF57F299570970049F27F /* Assets.xcassets */,
				856DF581299570970049F27F /* Preview Content */,
			);
			path = RandomUsers;
			sourceTree = "<group>";
		};
		856DF581299570970049F27F /* Preview Content */ = {
			isa = PBXGroup;
			children = (
				856DF582299570970049F27F /* Preview Assets.xcassets */,
			);
			path = "Preview Content";
			sourceTree = "<group>";
		};
		856DF589299570F00049F27F /* Infra */ = {
			isa = PBXGroup;
			children = (
				858C4E4C299BD52100C1FC14 /* Authentication */,
				858C4E43299BD31F00C1FC14 /* Logger */,
				8589BD4D299A8080000DBFA0 /* RandomUserAPIClient */,
			);
			path = Infra;
			sourceTree = "<group>";
		};
		856DF58E299573DF0049F27F /* Presentation */ = {
			isa = PBXGroup;
			children = (
				858C4E47299BD41A00C1FC14 /* Protocols */,
				856DF58F299573E70049F27F /* UI */,
				856DF593299574210049F27F /* UsersViewModel.swift */,
			);
			path = Presentation;
			sourceTree = "<group>";
		};
		856DF58F299573E70049F27F /* UI */ = {
			isa = PBXGroup;
			children = (
				856DF590299573ED0049F27F /* UsersView.swift */,
			);
			path = UI;
			sourceTree = "<group>";
		};
		856DF5952995743D0049F27F /* Domain */ = {
			isa = PBXGroup;
			children = (
				856DF596299574B50049F27F /* User.swift */,
			);
			path = Domain;
			sourceTree = "<group>";
		};
		8589BD4D299A8080000DBFA0 /* RandomUserAPIClient */ = {
			isa = PBXGroup;
			children = (
				856DF58A299571020049F27F /* RandomUserAPIClient.swift */,
				856DF58C2995711C0049F27F /* UserResultDTO.swift */,
			);
			path = RandomUserAPIClient;
			sourceTree = "<group>";
		};
		858C4E38299BC7AD00C1FC14 /* CompositionRoot */ = {
			isa = PBXGroup;
			children = (
				858C4E4F299BD5A400C1FC14 /* Protocols */,
				856DF59A2995762D0049F27F /* RandomUserAPIClientAdapter.swift */,
				858C4E3D299BC8C300C1FC14 /* BiometryDecorator.swift */,
				858C4E40299BCE9500C1FC14 /* LoggerDecorator.swift */,
			);
			path = CompositionRoot;
			sourceTree = "<group>";
		};
		858C4E43299BD31F00C1FC14 /* Logger */ = {
			isa = PBXGroup;
			children = (
				858C4E45299BD3F800C1FC14 /* LocalLogger.swift */,
			);
			path = Logger;
			sourceTree = "<group>";
		};
		858C4E47299BD41A00C1FC14 /* Protocols */ = {
			isa = PBXGroup;
			children = (
				856DF5982995757F0049F27F /* UsersRepository.swift */,
			);
			path = Protocols;
			sourceTree = "<group>";
		};
		858C4E4C299BD52100C1FC14 /* Authentication */ = {
			isa = PBXGroup;
			children = (
				858C4E4D299BD53000C1FC14 /* LABiometryAuthenticator.swift */,
			);
			path = Authentication;
			sourceTree = "<group>";
		};
		858C4E4F299BD5A400C1FC14 /* Protocols */ = {
			isa = PBXGroup;
			children = (
				858C4E48299BD43100C1FC14 /* LoggerProtocol.swift */,
				858C4E4A299BD50E00C1FC14 /* AuthenticatorProtocol.swift */,
			);
			path = Protocols;
			sourceTree = "<group>";
		};
/* End PBXGroup section */

/* Begin PBXNativeTarget section */
		856DF577299570970049F27F /* RandomUsers */ = {
			isa = PBXNativeTarget;
			buildConfigurationList = 856DF586299570970049F27F /* Build configuration list for PBXNativeTarget "RandomUsers" */;
			buildPhases = (
				856DF574299570970049F27F /* Sources */,
				856DF575299570970049F27F /* Frameworks */,
				856DF576299570970049F27F /* Resources */,
			);
			buildRules = (
			);
			dependencies = (
			);
			name = RandomUsers;
			productName = RandomUsers;
			productReference = 856DF578299570970049F27F /* RandomUsers.app */;
			productType = "com.apple.product-type.application";
		};
/* End PBXNativeTarget section */

/* Begin PBXProject section */
		856DF570299570970049F27F /* Project object */ = {
			isa = PBXProject;
			attributes = {
				BuildIndependentTargetsInParallel = 1;
				LastSwiftUpdateCheck = 1410;
				LastUpgradeCheck = 1410;
				TargetAttributes = {
					856DF577299570970049F27F = {
						CreatedOnToolsVersion = 14.1;
					};
				};
			};
			buildConfigurationList = 856DF573299570970049F27F /* Build configuration list for PBXProject "RandomUsers" */;
			compatibilityVersion = "Xcode 14.0";
			developmentRegion = en;
			hasScannedForEncodings = 0;
			knownRegions = (
				en,
				Base,
			);
			mainGroup = 856DF56F299570970049F27F;
			productRefGroup = 856DF579299570970049F27F /* Products */;
			projectDirPath = "";
			projectRoot = "";
			targets = (
				856DF577299570970049F27F /* RandomUsers */,
			);
		};
/* End PBXProject section */

/* Begin PBXResourcesBuildPhase section */
		856DF576299570970049F27F /* Resources */ = {
			isa = PBXResourcesBuildPhase;
			buildActionMask = 2147483647;
			files = (
				856DF583299570970049F27F /* Preview Assets.xcassets in Resources */,
				856DF580299570970049F27F /* Assets.xcassets in Resources */,
			);
			runOnlyForDeploymentPostprocessing = 0;
		};
/* End PBXResourcesBuildPhase section */

/* Begin PBXSourcesBuildPhase section */
		856DF574299570970049F27F /* Sources */ = {
			isa = PBXSourcesBuildPhase;
			buildActionMask = 2147483647;
			files = (
				856DF591299573ED0049F27F /* UsersView.swift in Sources */,
				856DF594299574210049F27F /* UsersViewModel.swift in Sources */,
				856DF59B2995762D0049F27F /* RandomUserAPIClientAdapter.swift in Sources */,
				856DF5992995757F0049F27F /* UsersRepository.swift in Sources */,
				858C4E3E299BC8C300C1FC14 /* BiometryDecorator.swift in Sources */,
				858C4E4B299BD50E00C1FC14 /* AuthenticatorProtocol.swift in Sources */,
				858C4E41299BCE9500C1FC14 /* LoggerDecorator.swift in Sources */,
				856DF57C299570970049F27F /* RandomUsersApp.swift in Sources */,
				858C4E46299BD3F800C1FC14 /* LocalLogger.swift in Sources */,
				856DF58B299571020049F27F /* RandomUserAPIClient.swift in Sources */,
				858C4E4E299BD53000C1FC14 /* LABiometryAuthenticator.swift in Sources */,
				856DF58D2995711C0049F27F /* UserResultDTO.swift in Sources */,
				856DF597299574B50049F27F /* User.swift in Sources */,
				858C4E49299BD43100C1FC14 /* LoggerProtocol.swift in Sources */,
			);
			runOnlyForDeploymentPostprocessing = 0;
		};
/* End PBXSourcesBuildPhase section */

/* Begin XCBuildConfiguration section */
		856DF584299570970049F27F /* Debug */ = {
			isa = XCBuildConfiguration;
			buildSettings = {
				ALWAYS_SEARCH_USER_PATHS = NO;
				CLANG_ANALYZER_NONNULL = YES;
				CLANG_ANALYZER_NUMBER_OBJECT_CONVERSION = YES_AGGRESSIVE;
				CLANG_CXX_LANGUAGE_STANDARD = "gnu++20";
				CLANG_ENABLE_MODULES = YES;
				CLANG_ENABLE_OBJC_ARC = YES;
				CLANG_ENABLE_OBJC_WEAK = YES;
				CLANG_WARN_BLOCK_CAPTURE_AUTORELEASING = YES;
				CLANG_WARN_BOOL_CONVERSION = YES;
				CLANG_WARN_COMMA = YES;
				CLANG_WARN_CONSTANT_CONVERSION = YES;
				CLANG_WARN_DEPRECATED_OBJC_IMPLEMENTATIONS = YES;
				CLANG_WARN_DIRECT_OBJC_ISA_USAGE = YES_ERROR;
				CLANG_WARN_DOCUMENTATION_COMMENTS = YES;
				CLANG_WARN_EMPTY_BODY = YES;
				CLANG_WARN_ENUM_CONVERSION = YES;
				CLANG_WARN_INFINITE_RECURSION = YES;
				CLANG_WARN_INT_CONVERSION = YES;
				CLANG_WARN_NON_LITERAL_NULL_CONVERSION = YES;
				CLANG_WARN_OBJC_IMPLICIT_RETAIN_SELF = YES;
				CLANG_WARN_OBJC_LITERAL_CONVERSION = YES;
				CLANG_WARN_OBJC_ROOT_CLASS = YES_ERROR;
				CLANG_WARN_QUOTED_INCLUDE_IN_FRAMEWORK_HEADER = YES;
				CLANG_WARN_RANGE_LOOP_ANALYSIS = YES;
				CLANG_WARN_STRICT_PROTOTYPES = YES;
				CLANG_WARN_SUSPICIOUS_MOVE = YES;
				CLANG_WARN_UNGUARDED_AVAILABILITY = YES_AGGRESSIVE;
				CLANG_WARN_UNREACHABLE_CODE = YES;
				CLANG_WARN__DUPLICATE_METHOD_MATCH = YES;
				COPY_PHASE_STRIP = NO;
				DEBUG_INFORMATION_FORMAT = dwarf;
				ENABLE_STRICT_OBJC_MSGSEND = YES;
				ENABLE_TESTABILITY = YES;
				GCC_C_LANGUAGE_STANDARD = gnu11;
				GCC_DYNAMIC_NO_PIC = NO;
				GCC_NO_COMMON_BLOCKS = YES;
				GCC_OPTIMIZATION_LEVEL = 0;
				GCC_PREPROCESSOR_DEFINITIONS = (
					"DEBUG=1",
					"$(inherited)",
				);
				GCC_WARN_64_TO_32_BIT_CONVERSION = YES;
				GCC_WARN_ABOUT_RETURN_TYPE = YES_ERROR;
				GCC_WARN_UNDECLARED_SELECTOR = YES;
				GCC_WARN_UNINITIALIZED_AUTOS = YES_AGGRESSIVE;
				GCC_WARN_UNUSED_FUNCTION = YES;
				GCC_WARN_UNUSED_VARIABLE = YES;
				IPHONEOS_DEPLOYMENT_TARGET = 16.1;
				MTL_ENABLE_DEBUG_INFO = INCLUDE_SOURCE;
				MTL_FAST_MATH = YES;
				ONLY_ACTIVE_ARCH = YES;
				SDKROOT = iphoneos;
				SWIFT_ACTIVE_COMPILATION_CONDITIONS = DEBUG;
				SWIFT_OPTIMIZATION_LEVEL = "-Onone";
			};
			name = Debug;
		};
		856DF585299570970049F27F /* Release */ = {
			isa = XCBuildConfiguration;
			buildSettings = {
				ALWAYS_SEARCH_USER_PATHS = NO;
				CLANG_ANALYZER_NONNULL = YES;
				CLANG_ANALYZER_NUMBER_OBJECT_CONVERSION = YES_AGGRESSIVE;
				CLANG_CXX_LANGUAGE_STANDARD = "gnu++20";
				CLANG_ENABLE_MODULES = YES;
				CLANG_ENABLE_OBJC_ARC = YES;
				CLANG_ENABLE_OBJC_WEAK = YES;
				CLANG_WARN_BLOCK_CAPTURE_AUTORELEASING = YES;
				CLANG_WARN_BOOL_CONVERSION = YES;
				CLANG_WARN_COMMA = YES;
				CLANG_WARN_CONSTANT_CONVERSION = YES;
				CLANG_WARN_DEPRECATED_OBJC_IMPLEMENTATIONS = YES;
				CLANG_WARN_DIRECT_OBJC_ISA_USAGE = YES_ERROR;
				CLANG_WARN_DOCUMENTATION_COMMENTS = YES;
				CLANG_WARN_EMPTY_BODY = YES;
				CLANG_WARN_ENUM_CONVERSION = YES;
				CLANG_WARN_INFINITE_RECURSION = YES;
				CLANG_WARN_INT_CONVERSION = YES;
				CLANG_WARN_NON_LITERAL_NULL_CONVERSION = YES;
				CLANG_WARN_OBJC_IMPLICIT_RETAIN_SELF = YES;
				CLANG_WARN_OBJC_LITERAL_CONVERSION = YES;
				CLANG_WARN_OBJC_ROOT_CLASS = YES_ERROR;
				CLANG_WARN_QUOTED_INCLUDE_IN_FRAMEWORK_HEADER = YES;
				CLANG_WARN_RANGE_LOOP_ANALYSIS = YES;
				CLANG_WARN_STRICT_PROTOTYPES = YES;
				CLANG_WARN_SUSPICIOUS_MOVE = YES;
				CLANG_WARN_UNGUARDED_AVAILABILITY = YES_AGGRESSIVE;
				CLANG_WARN_UNREACHABLE_CODE = YES;
				CLANG_WARN__DUPLICATE_METHOD_MATCH = YES;
				COPY_PHASE_STRIP = NO;
				DEBUG_INFORMATION_FORMAT = "dwarf-with-dsym";
				ENABLE_NS_ASSERTIONS = NO;
				ENABLE_STRICT_OBJC_MSGSEND = YES;
				GCC_C_LANGUAGE_STANDARD = gnu11;
				GCC_NO_COMMON_BLOCKS = YES;
				GCC_WARN_64_TO_32_BIT_CONVERSION = YES;
				GCC_WARN_ABOUT_RETURN_TYPE = YES_ERROR;
				GCC_WARN_UNDECLARED_SELECTOR = YES;
				GCC_WARN_UNINITIALIZED_AUTOS = YES_AGGRESSIVE;
				GCC_WARN_UNUSED_FUNCTION = YES;
				GCC_WARN_UNUSED_VARIABLE = YES;
				IPHONEOS_DEPLOYMENT_TARGET = 16.1;
				MTL_ENABLE_DEBUG_INFO = NO;
				MTL_FAST_MATH = YES;
				SDKROOT = iphoneos;
				SWIFT_COMPILATION_MODE = wholemodule;
				SWIFT_OPTIMIZATION_LEVEL = "-O";
				VALIDATE_PRODUCT = YES;
			};
			name = Release;
		};
		856DF587299570970049F27F /* Debug */ = {
			isa = XCBuildConfiguration;
			buildSettings = {
				ASSETCATALOG_COMPILER_APPICON_NAME = AppIcon;
				ASSETCATALOG_COMPILER_GLOBAL_ACCENT_COLOR_NAME = AccentColor;
				CODE_SIGN_STYLE = Automatic;
				CURRENT_PROJECT_VERSION = 1;
				DEVELOPMENT_ASSET_PATHS = "\"RandomUsers/Preview Content\"";
				DEVELOPMENT_TEAM = DYK4W76333;
				ENABLE_PREVIEWS = YES;
				GENERATE_INFOPLIST_FILE = YES;
				INFOPLIST_KEY_NSFaceIDUsageDescription = "$(PRODUCT_NAME) uses Face ID to validate your identity";
				INFOPLIST_KEY_UIApplicationSceneManifest_Generation = YES;
				INFOPLIST_KEY_UIApplicationSupportsIndirectInputEvents = YES;
				INFOPLIST_KEY_UILaunchScreen_Generation = YES;
				INFOPLIST_KEY_UISupportedInterfaceOrientations_iPad = "UIInterfaceOrientationPortrait UIInterfaceOrientationPortraitUpsideDown UIInterfaceOrientationLandscapeLeft UIInterfaceOrientationLandscapeRight";
				INFOPLIST_KEY_UISupportedInterfaceOrientations_iPhone = "UIInterfaceOrientationPortrait UIInterfaceOrientationLandscapeLeft UIInterfaceOrientationLandscapeRight";
				LD_RUNPATH_SEARCH_PATHS = (
					"$(inherited)",
					"@executable_path/Frameworks",
				);
				MARKETING_VERSION = 1.0;
				PRODUCT_BUNDLE_IDENTIFIER = com.fernandopena.RandomUsers;
				PRODUCT_NAME = "$(TARGET_NAME)";
				SWIFT_EMIT_LOC_STRINGS = YES;
				SWIFT_VERSION = 5.0;
				TARGETED_DEVICE_FAMILY = "1,2";
			};
			name = Debug;
		};
		856DF588299570970049F27F /* Release */ = {
			isa = XCBuildConfiguration;
			buildSettings = {
				ASSETCATALOG_COMPILER_APPICON_NAME = AppIcon;
				ASSETCATALOG_COMPILER_GLOBAL_ACCENT_COLOR_NAME = AccentColor;
				CODE_SIGN_STYLE = Automatic;
				CURRENT_PROJECT_VERSION = 1;
				DEVELOPMENT_ASSET_PATHS = "\"RandomUsers/Preview Content\"";
				DEVELOPMENT_TEAM = DYK4W76333;
				ENABLE_PREVIEWS = YES;
				GENERATE_INFOPLIST_FILE = YES;
				INFOPLIST_KEY_NSFaceIDUsageDescription = "$(PRODUCT_NAME) uses Face ID to validate your identity";
				INFOPLIST_KEY_UIApplicationSceneManifest_Generation = YES;
				INFOPLIST_KEY_UIApplicationSupportsIndirectInputEvents = YES;
				INFOPLIST_KEY_UILaunchScreen_Generation = YES;
				INFOPLIST_KEY_UISupportedInterfaceOrientations_iPad = "UIInterfaceOrientationPortrait UIInterfaceOrientationPortraitUpsideDown UIInterfaceOrientationLandscapeLeft UIInterfaceOrientationLandscapeRight";
				INFOPLIST_KEY_UISupportedInterfaceOrientations_iPhone = "UIInterfaceOrientationPortrait UIInterfaceOrientationLandscapeLeft UIInterfaceOrientationLandscapeRight";
				LD_RUNPATH_SEARCH_PATHS = (
					"$(inherited)",
					"@executable_path/Frameworks",
				);
				MARKETING_VERSION = 1.0;
				PRODUCT_BUNDLE_IDENTIFIER = com.fernandopena.RandomUsers;
				PRODUCT_NAME = "$(TARGET_NAME)";
				SWIFT_EMIT_LOC_STRINGS = YES;
				SWIFT_VERSION = 5.0;
				TARGETED_DEVICE_FAMILY = "1,2";
			};
			name = Release;
		};
/* End XCBuildConfiguration section */

/* Begin XCConfigurationList section */
		856DF573299570970049F27F /* Build configuration list for PBXProject "RandomUsers" */ = {
			isa = XCConfigurationList;
			buildConfigurations = (
				856DF584299570970049F27F /* Debug */,
				856DF585299570970049F27F /* Release */,
			);
			defaultConfigurationIsVisible = 0;
			defaultConfigurationName = Release;
		};
		856DF586299570970049F27F /* Build configuration list for PBXNativeTarget "RandomUsers" */ = {
			isa = XCConfigurationList;
			buildConfigurations = (
				856DF587299570970049F27F /* Debug */,
				856DF588299570970049F27F /* Release */,
			);
			defaultConfigurationIsVisible = 0;
			defaultConfigurationName = Release;
		};
/* End XCConfigurationList section */
	};
	rootObject = 856DF570299570970049F27F /* Project object */;
}
